
Microsoft Visual Studio Solution File, Format Version 12.00
# Visual Studio 2012
Project("{FAE04EC0-301F-11D3-BF4B-00C04F79EFBC}") = "NLog.LogstashLayout", "NLog.LogstashLayout\NLog.LogstashLayout.csproj", "{00446E0F-3B6A-42AE-B44B-2C8067E667BE}"
EndProject
Project("{FAE04EC0-301F-11D3-BF4B-00C04F79EFBC}") = "NLog.LogstashLayout.Tests", "NLog.LogstashLayout.Tests\NLog.LogstashLayout.Tests.csproj", "{7E75FD9B-1ADD-4B5B-AC77-1DD7D38151D1}"
EndProject
Global
	GlobalSection(SolutionConfigurationPlatforms) = preSolution
		Debug|Any CPU = Debug|Any CPU
		Release|Any CPU = Release|Any CPU
	EndGlobalSection
	GlobalSection(ProjectConfigurationPlatforms) = postSolution
		{00446E0F-3B6A-42AE-B44B-2C8067E667BE}.Debug|Any CPU.ActiveCfg = Debug|Any CPU
		{00446E0F-3B6A-42AE-B44B-2C8067E667BE}.Debug|Any CPU.Build.0 = Debug|Any CPU
		{00446E0F-3B6A-42AE-B44B-2C8067E667BE}.Release|Any CPU.ActiveCfg = Release|Any CPU
		{00446E0F-3B6A-42AE-B44B-2C8067E667BE}.Release|Any CPU.Build.0 = Release|Any CPU
		{7E75FD9B-1ADD-4B5B-AC77-1DD7D38151D1}.Debug|Any CPU.ActiveCfg = Debug|Any CPU
		{7E75FD9B-1ADD-4B5B-AC77-1DD7D38151D1}.Debug|Any CPU.Build.0 = Debug|Any CPU
		{7E75FD9B-1ADD-4B5B-AC77-1DD7D38151D1}.Release|Any CPU.ActiveCfg = Release|Any CPU
		{7E75FD9B-1ADD-4B5B-AC77-1DD7D38151D1}.Release|Any CPU.Build.0 = Release|Any CPU
	EndGlobalSection
	GlobalSection(SolutionProperties) = preSolution
		HideSolutionNode = FALSE
	EndGlobalSection
EndGlobal
